
Microsoft Visual Studio Solution File, Format Version 12.00
# Visual Studio 2012
Project("{FAE04EC0-301F-11D3-BF4B-00C04F79EFBC}") = "AlarmClock", "AlarmClock\AlarmClock.csproj", "{6143E455-8045-4E4D-8315-7227B70A8484}"
EndProject
Project("{FAE04EC0-301F-11D3-BF4B-00C04F79EFBC}") = "AlarmClock.Tests", "AlarmClock.Tests\AlarmClock.Tests.csproj", "{3237ACED-01B0-4A88-9F8A-BBEBE8AF2C17}"
EndProject
Global
	GlobalSection(SolutionConfigurationPlatforms) = preSolution
		Debug|Any CPU = Debug|Any CPU
		Release|Any CPU = Release|Any CPU
	EndGlobalSection
	GlobalSection(ProjectConfigurationPlatforms) = postSolution
		{6143E455-8045-4E4D-8315-7227B70A8484}.Debug|Any CPU.ActiveCfg = Debug|Any CPU
		{6143E455-8045-4E4D-8315-7227B70A8484}.Debug|Any CPU.Build.0 = Debug|Any CPU
		{6143E455-8045-4E4D-8315-7227B70A8484}.Release|Any CPU.ActiveCfg = Release|Any CPU
		{6143E455-8045-4E4D-8315-7227B70A8484}.Release|Any CPU.Build.0 = Release|Any CPU
		{3237ACED-01B0-4A88-9F8A-BBEBE8AF2C17}.Debug|Any CPU.ActiveCfg = Debug|Any CPU
		{3237ACED-01B0-4A88-9F8A-BBEBE8AF2C17}.Debug|Any CPU.Build.0 = Debug|Any CPU
		{3237ACED-01B0-4A88-9F8A-BBEBE8AF2C17}.Release|Any CPU.ActiveCfg = Release|Any CPU
		{3237ACED-01B0-4A88-9F8A-BBEBE8AF2C17}.Release|Any CPU.Build.0 = Release|Any CPU
	EndGlobalSection
	GlobalSection(SolutionProperties) = preSolution
		HideSolutionNode = FALSE
	EndGlobalSection
EndGlobal
